Microsoft Visual Studio Solution File, Format Version 12.00
# Visual Studio Version 17
VisualStudioVersion = 17.5.2.0
MinimumVisualStudioVersion = 10.0.40219.1
Project("{FAE04EC0-301F-11D3-BF4B-00C04F79EFBC}") = "Structs1", "Structs1.csproj", "{CCFA0800-0E24-F5A0-490B-07E85BA366D9}"
EndProject
Global
	GlobalSection(SolutionConfigurationPlatforms) = preSolution
		Debug|Any CPU = Debug|Any CPU
		Release|Any CPU = Release|Any CPU
	EndGlobalSection
	GlobalSection(ProjectConfigurationPlatforms) = postSolution
		{CCFA0800-0E24-F5A0-490B-07E85BA366D9}.Debug|Any CPU.ActiveCfg = Debug|Any CPU
		{CCFA0800-0E24-F5A0-490B-07E85BA366D9}.Debug|Any CPU.Build.0 = Debug|Any CPU
		{CCFA0800-0E24-F5A0-490B-07E85BA366D9}.Release|Any CPU.ActiveCfg = Release|Any CPU
		{CCFA0800-0E24-F5A0-490B-07E85BA366D9}.Release|Any CPU.Build.0 = Release|Any CPU
	EndGlobalSection
	GlobalSection(SolutionProperties) = preSolution
		HideSolutionNode = FALSE
	EndGlobalSection
	GlobalSection(ExtensibilityGlobals) = postSolution
		SolutionGuid = {E9ABB103-80C1-434C-87E6-8D2C72F6A901}
	EndGlobalSection
EndGlobal
